
Microsoft Visual Studio Solution File, Format Version 12.00
# Visual Studio Version 17
VisualStudioVersion = 17.9.34728.123
MinimumVisualStudioVersion = 10.0.40219.1
Project("{FAE04EC0-301F-11D3-BF4B-00C04F79EFBC}") = "PrintShapes", "PrintShapes\PrintShapes.csproj", "{D51284AD-8191-4A0F-AF47-94270230D7D9}"
EndProject
Global
	GlobalSection(SolutionConfigurationPlatforms) = preSolution
		Debug|Any CPU = Debug|Any CPU
		Release|Any CPU = Release|Any CPU
	EndGlobalSection
	GlobalSection(ProjectConfigurationPlatforms) = postSolution
		{D51284AD-8191-4A0F-AF47-94270230D7D9}.Debug|Any CPU.ActiveCfg = Debug|Any CPU
		{D51284AD-8191-4A0F-AF47-94270230D7D9}.Debug|Any CPU.Build.0 = Debug|Any CPU
		{D51284AD-8191-4A0F-AF47-94270230D7D9}.Release|Any CPU.ActiveCfg = Release|Any CPU
		{D51284AD-8191-4A0F-AF47-94270230D7D9}.Release|Any CPU.Build.0 = Release|Any CPU
	EndGlobalSection
	GlobalSection(SolutionProperties) = preSolution
		HideSolutionNode = FALSE
	EndGlobalSection
	GlobalSection(ExtensibilityGlobals) = postSolution
		SolutionGuid = {0D29DC32-8772-45CC-97A9-AC0B75818B89}
	EndGlobalSection
EndGlobal
