
Microsoft Visual Studio Solution File, Format Version 12.00
# Visual Studio Version 17
VisualStudioVersion = 17.11.35431.28
MinimumVisualStudioVersion = 10.0.40219.1
Project("{FAE04EC0-301F-11D3-BF4B-00C04F79EFBC}") = "mauiHello", "mauiHello\mauiHello.csproj", "{E23C0B0D-3013-4063-83E8-FF127F5B522C}"
EndProject
Global
	GlobalSection(SolutionConfigurationPlatforms) = preSolution
		Debug|Any CPU = Debug|Any CPU
		Release|Any CPU = Release|Any CPU
	EndGlobalSection
	GlobalSection(ProjectConfigurationPlatforms) = postSolution
		{E23C0B0D-3013-4063-83E8-FF127F5B522C}.Debug|Any CPU.ActiveCfg = Debug|Any CPU
		{E23C0B0D-3013-4063-83E8-FF127F5B522C}.Debug|Any CPU.Build.0 = Debug|Any CPU
		{E23C0B0D-3013-4063-83E8-FF127F5B522C}.Debug|Any CPU.Deploy.0 = Debug|Any CPU
		{E23C0B0D-3013-4063-83E8-FF127F5B522C}.Release|Any CPU.ActiveCfg = Release|Any CPU
		{E23C0B0D-3013-4063-83E8-FF127F5B522C}.Release|Any CPU.Build.0 = Release|Any CPU
		{E23C0B0D-3013-4063-83E8-FF127F5B522C}.Release|Any CPU.Deploy.0 = Release|Any CPU
	EndGlobalSection
	GlobalSection(SolutionProperties) = preSolution
		HideSolutionNode = FALSE
	EndGlobalSection
	GlobalSection(ExtensibilityGlobals) = postSolution
		SolutionGuid = {7B96CD9C-85A5-419B-BF0F-E9AC0B86EE97}
	EndGlobalSection
EndGlobal
