
Microsoft Visual Studio Solution File, Format Version 12.00
# Visual Studio Version 17
VisualStudioVersion = 17.9.34728.123
MinimumVisualStudioVersion = 10.0.40219.1
Project("{FAE04EC0-301F-11D3-BF4B-00C04F79EFBC}") = "wfaTrainerAccount", "wfaTrainerAccount\wfaTrainerAccount.csproj", "{BF232690-A27E-45D9-A990-588EECFA1DBB}"
EndProject
Project("{FAE04EC0-301F-11D3-BF4B-00C04F79EFBC}") = "libCore", "libCore\libCore.csproj", "{66C39229-EC96-4B31-AFCE-6EFB1B25884E}"
EndProject
Project("{FAE04EC0-301F-11D3-BF4B-00C04F79EFBC}") = "cnsTrainerAccount", "cnsTrainerAccount\cnsTrainerAccount.csproj", "{514D99FA-44F6-4086-9CA9-B4FC1484D284}"
	ProjectSection(ProjectDependencies) = postProject
		{66C39229-EC96-4B31-AFCE-6EFB1B25884E} = {66C39229-EC96-4B31-AFCE-6EFB1B25884E}
	EndProjectSection
EndProject
Global
	GlobalSection(SolutionConfigurationPlatforms) = preSolution
		Debug|Any CPU = Debug|Any CPU
		Release|Any CPU = Release|Any CPU
	EndGlobalSection
	GlobalSection(ProjectConfigurationPlatforms) = postSolution
		{BF232690-A27E-45D9-A990-588EECFA1DBB}.Debug|Any CPU.ActiveCfg = Debug|Any CPU
		{BF232690-A27E-45D9-A990-588EECFA1DBB}.Debug|Any CPU.Build.0 = Debug|Any CPU
		{BF232690-A27E-45D9-A990-588EECFA1DBB}.Release|Any CPU.ActiveCfg = Release|Any CPU
		{BF232690-A27E-45D9-A990-588EECFA1DBB}.Release|Any CPU.Build.0 = Release|Any CPU
		{66C39229-EC96-4B31-AFCE-6EFB1B25884E}.Debug|Any CPU.ActiveCfg = Debug|Any CPU
		{66C39229-EC96-4B31-AFCE-6EFB1B25884E}.Debug|Any CPU.Build.0 = Debug|Any CPU
		{66C39229-EC96-4B31-AFCE-6EFB1B25884E}.Release|Any CPU.ActiveCfg = Release|Any CPU
		{66C39229-EC96-4B31-AFCE-6EFB1B25884E}.Release|Any CPU.Build.0 = Release|Any CPU
		{514D99FA-44F6-4086-9CA9-B4FC1484D284}.Debug|Any CPU.ActiveCfg = Debug|Any CPU
		{514D99FA-44F6-4086-9CA9-B4FC1484D284}.Debug|Any CPU.Build.0 = Debug|Any CPU
		{514D99FA-44F6-4086-9CA9-B4FC1484D284}.Release|Any CPU.ActiveCfg = Release|Any CPU
		{514D99FA-44F6-4086-9CA9-B4FC1484D284}.Release|Any CPU.Build.0 = Release|Any CPU
	EndGlobalSection
	GlobalSection(SolutionProperties) = preSolution
		HideSolutionNode = FALSE
	EndGlobalSection
	GlobalSection(ExtensibilityGlobals) = postSolution
		SolutionGuid = {C984617A-45E1-4322-BD61-50DFF1B3EBC5}
	EndGlobalSection
EndGlobal
